{
  "lockfile_version": "1",
  "packages": {
    "bat@latest": {
      "last_modified": "2025-12-31T03:27:36Z",
      "resolved": "github:NixOS/nixpkgs/f665af0cdb70ed27e1bd8f9fdfecaf451260fc55#bat",
      "source": "devbox-search",
      "version": "0.26.1",
      "systems": {
        "aarch64-darwin": {
          "outputs": [
            {
              "name": "out",
              "path": "/nix/store/31hsx3rdn4jsvs7qfh6s0rdfhwwhvy6g-bat-0.26.1",
              "default": true
            }
          ],
          "store_path": "/nix/store/31hsx3rdn4jsvs7qfh6s0rdfhwwhvy6g-bat-0.26.1"
        },
        "aarch64-linux": {
          "outputs": [
            {
              "name": "out",
              "path": "/nix/store/6gs5y7mkdnn6npy2l7cmvd8idhwx9rq2-bat-0.26.1",
              "default": true
            }
          ],
          "store_path": "/nix/store/6gs5y7mkdnn6npy2l7cmvd8idhwx9rq2-bat-0.26.1"
        },
        "x86_64-darwin": {
          "outputs": [
            {
              "name": "out",
              "path": "/nix/store/8052ikd7wwfdy6lphcj24f3y4phx7jnp-bat-0.26.1",
              "default": true
            }
          ],
          "store_path": "/nix/store/8052ikd7wwfdy6lphcj24f3y4phx7jnp-bat-0.26.1"
        },
        "x86_64-linux": {
          "outputs": [
            {
              "name": "out",
              "path": "/nix/store/sxdakc675lzsyp0zjmffgchyn66g9lni-bat-0.26.1",
              "default": true
            }
          ],
          "store_path": "/nix/store/sxdakc675lzsyp0zjmffgchyn66g9lni-bat-0.26.1"
        }
      }
    },
    "delta@latest": {
      "last_modified": "2025-12-31T03:27:36Z",
      "resolved": "github:NixOS/nixpkgs/f665af0cdb70ed27e1bd8f9fdfecaf451260fc55#delta",
      "source": "devbox-search",
      "version": "0.18.2",
      "systems": {
        "aarch64-darwin": {
          "outputs": [
            {
              "name": "out",
              "path": "/nix/store/zgg57n7h2ksgnzm5aarjs914hh751md4-delta-0.18.2",
              "default": true
            }
          ],
          "store_path": "/nix/store/zgg57n7h2ksgnzm5aarjs914hh751md4-delta-0.18.2"
        },
        "aarch64-linux": {
          "outputs": [
            {
              "name": "out",
              "path": "/nix/store/piq5mjvn1f8lrj6fh7nx8myykapn3y8l-delta-0.18.2",
              "default": true
            }
          ],
          "store_path": "/nix/store/piq5mjvn1f8lrj6fh7nx8myykapn3y8l-delta-0.18.2"
        },
        "x86_64-darwin": {
          "outputs": [
            {
              "name": "out",
              "path": "/nix/store/cffrsm5js5070rim6s9sf0vdx0kwww60-delta-0.18.2",
              "default": true
            }
          ],
          "store_path": "/nix/store/cffrsm5js5070rim6s9sf0vdx0kwww60-delta-0.18.2"
        },
        "x86_64-linux": {
          "outputs": [
            {
              "name": "out",
              "path": "/nix/store/ag2bxm7k6f5djh8awfg5xb3jqiypf6qz-delta-0.18.2",
              "default": true
            }
          ],
          "store_path": "/nix/store/ag2bxm7k6f5djh8awfg5xb3jqiypf6qz-delta-0.18.2"
        }
      }
    },
    "eza@latest": {
      "last_modified": "2025-12-31T03:27:36Z",
      "resolved": "github:NixOS/nixpkgs/f665af0cdb70ed27e1bd8f9fdfecaf451260fc55#eza",
      "source": "devbox-search",
      "version": "0.23.4",
      "systems": {
        "aarch64-darwin": {
          "outputs": [
            {
              "name": "out",
              "path": "/nix/store/vj2v045n9fqrp1pf9p98l5yx156sia98-eza-0.23.4",
              "default": true
            },
            {
              "name": "man",
              "path": "/nix/store/d7vnlj0fd0z480gyh2icg50xj9v4bzlk-eza-0.23.4-man",
              "default": true
            }
          ],
          "store_path": "/nix/store/vj2v045n9fqrp1pf9p98l5yx156sia98-eza-0.23.4"
        },
        "aarch64-linux": {
          "outputs": [
            {
              "name": "out",
              "path": "/nix/store/j190gnwrn4xz8sdvvyyqfgjwir9bkwrk-eza-0.23.4",
              "default": true
            },
            {
              "name": "man",
              "path": "/nix/store/pdsfqx4yfms3vcpv4zgprq4lwrmdlhz2-eza-0.23.4-man",
              "default": true
            }
          ],
          "store_path": "/nix/store/j190gnwrn4xz8sdvvyyqfgjwir9bkwrk-eza-0.23.4"
        },
        "x86_64-darwin": {
          "outputs": [
            {
              "name": "out",
              "path": "/nix/store/1ddn230mcql6v587rpdcscmddy4awik2-eza-0.23.4",
              "default": true
            },
            {
              "name": "man",
              "path": "/nix/store/x3l8skd8cxjs3dyp4yplm5l8jvkl2x0n-eza-0.23.4-man",
              "default": true
            }
          ],
          "store_path": "/nix/store/1ddn230mcql6v587rpdcscmddy4awik2-eza-0.23.4"
        },
        "x86_64-linux": {
          "outputs": [
            {
              "name": "out",
              "path": "/nix/store/dj6jncapjvs1k1wnv7h1q3m0hiwgljr1-eza-0.23.4",
              "default": true
            },
            {
              "name": "man",
              "path": "/nix/store/w3qnkz5mxkp58q967wi54haybsh0q8rv-eza-0.23.4-man",
              "default": true
            }
          ],
          "store_path": "/nix/store/dj6jncapjvs1k1wnv7h1q3m0hiwgljr1-eza-0.23.4"
        }
      }
    },
    "fzf@latest": {
      "last_modified": "2025-12-31T03:27:36Z",
      "resolved": "github:NixOS/nixpkgs/f665af0cdb70ed27e1bd8f9fdfecaf451260fc55#fzf",
      "source": "devbox-search",
      "version": "0.67.0",
      "systems": {
        "aarch64-darwin": {
          "outputs": [
            {
              "name": "out",
              "path": "/nix/store/2qzpswmq7v8zdq12cbh65r156c77fr1h-fzf-0.67.0",
              "default": true
            },
            {
              "name": "man",
              "path": "/nix/store/jlkbrm0pg71aianml6dszih5ab29hv44-fzf-0.67.0-man",
              "default": true
            }
          ],
          "store_path": "/nix/store/2qzpswmq7v8zdq12cbh65r156c77fr1h-fzf-0.67.0"
        },
        "aarch64-linux": {
          "outputs": [
            {
              "name": "out",
              "path": "/nix/store/3n5pb67fnmagqz47slzxyhvk2dl4x2di-fzf-0.67.0",
              "default": true
            },
            {
              "name": "man",
              "path": "/nix/store/0adh9s8yff51dbsmz2am915gxjzvfbbx-fzf-0.67.0-man",
              "default": true
            }
          ],
          "store_path": "/nix/store/3n5pb67fnmagqz47slzxyhvk2dl4x2di-fzf-0.67.0"
        },
        "x86_64-darwin": {
          "outputs": [
            {
              "name": "out",
              "path": "/nix/store/zh7bq0z62yj2y7i8i7r6v1p8xdqiawxm-fzf-0.67.0",
              "default": true
            },
            {
              "name": "man",
              "path": "/nix/store/y5nznx4gs09sklfj9bczcyba9xm6hh1p-fzf-0.67.0-man",
              "default": true
            }
          ],
          "store_path": "/nix/store/zh7bq0z62yj2y7i8i7r6v1p8xdqiawxm-fzf-0.67.0"
        },
        "x86_64-linux": {
          "outputs": [
            {
              "name": "out",
              "path": "/nix/store/9fa7g1ykblq2xa6hh82nz8yl4p90x0sh-fzf-0.67.0",
              "default": true
            },
            {
              "name": "man",
              "path": "/nix/store/71f3kmdyzgjj9sa2h12h9mfs2akb4c4q-fzf-0.67.0-man",
              "default": true
            }
          ],
          "store_path": "/nix/store/9fa7g1ykblq2xa6hh82nz8yl4p90x0sh-fzf-0.67.0"
        }
      }
    },
    "gh@latest": {
      "last_modified": "2026-01-23T17:20:52Z",
      "resolved": "github:NixOS/nixpkgs/a1bab9e494f5f4939442a57a58d0449a109593fe#gh",
      "source": "devbox-search",
      "version": "2.86.0",
      "systems": {
        "aarch64-darwin": {
          "outputs": [
            {
              "name": "out",
              "path": "/nix/store/y207r5sjcd81gfnsxxssgiiiwl6mcg6f-gh-2.86.0",
              "default": true
            }
          ],
          "store_path": "/nix/store/y207r5sjcd81gfnsxxssgiiiwl6mcg6f-gh-2.86.0"
        },
        "aarch64-linux": {
          "outputs": [
            {
              "name": "out",
              "path": "/nix/store/zx4plaf0z1yv06wdhxxhpbm7kmslm2r8-gh-2.86.0",
              "default": true
            }
          ],
          "store_path": "/nix/store/zx4plaf0z1yv06wdhxxhpbm7kmslm2r8-gh-2.86.0"
        },
        "x86_64-darwin": {
          "outputs": [
            {
              "name": "out",
              "path": "/nix/store/vhpac8ld4xkaa13bsrbwnyrmlcxsg57q-gh-2.86.0",
              "default": true
            }
          ],
          "store_path": "/nix/store/vhpac8ld4xkaa13bsrbwnyrmlcxsg57q-gh-2.86.0"
        },
        "x86_64-linux": {
          "outputs": [
            {
              "name": "out",
              "path": "/nix/store/xf3rb2kmk19092b1pf50ag0fsj2f6hpa-gh-2.86.0",
              "default": true
            }
          ],
          "store_path": "/nix/store/xf3rb2kmk19092b1pf50ag0fsj2f6hpa-gh-2.86.0"
        }
      }
    },
    "github:NixOS/nixpkgs/nixpkgs-unstable": {
      "last_modified": "2026-01-20T02:11:35Z",
      "resolved": "github:NixOS/nixpkgs/ed142ab1b3a092c4d149245d0c4126a5d7ea00b0?lastModified=1768875095&narHash=sha256-dYP3DjiL7oIiiq3H65tGIXXIT1Waiadmv93JS0sS%2B8A%3D"
    },
    "k9s@latest": {
      "last_modified": "2026-01-23T17:20:52Z",
      "resolved": "github:NixOS/nixpkgs/a1bab9e494f5f4939442a57a58d0449a109593fe#k9s",
      "source": "devbox-search",
      "version": "0.50.18",
      "systems": {
        "aarch64-darwin": {
          "outputs": [
            {
              "name": "out",
              "path": "/nix/store/hc086l08bm0zm0p73pr0gcm2a95j0v34-k9s-0.50.18",
              "default": true
            }
          ],
          "store_path": "/nix/store/hc086l08bm0zm0p73pr0gcm2a95j0v34-k9s-0.50.18"
        },
        "aarch64-linux": {
          "outputs": [
            {
              "name": "out",
              "path": "/nix/store/1c7qlb18rm9mpy54f3ddz6qq4zalgk84-k9s-0.50.18",
              "default": true
            }
          ],
          "store_path": "/nix/store/1c7qlb18rm9mpy54f3ddz6qq4zalgk84-k9s-0.50.18"
        },
        "x86_64-darwin": {
          "outputs": [
            {
              "name": "out",
              "path": "/nix/store/q45jpvj81dsp6674g2md08il5kbrrrl5-k9s-0.50.18",
              "default": true
            }
          ],
          "store_path": "/nix/store/q45jpvj81dsp6674g2md08il5kbrrrl5-k9s-0.50.18"
        },
        "x86_64-linux": {
          "outputs": [
            {
              "name": "out",
              "path": "/nix/store/nz3dcx3s720ybkx68hl7kdd0j9i8h4z3-k9s-0.50.18",
              "default": true
            }
          ],
          "store_path": "/nix/store/nz3dcx3s720ybkx68hl7kdd0j9i8h4z3-k9s-0.50.18"
        }
      }
    },
    "kind@latest": {
      "last_modified": "2026-01-23T17:20:52Z",
      "resolved": "github:NixOS/nixpkgs/a1bab9e494f5f4939442a57a58d0449a109593fe#kind",
      "source": "devbox-search",
      "version": "0.31.0",
      "systems": {
        "aarch64-darwin": {
          "outputs": [
            {
              "name": "out",
              "path": "/nix/store/jhrinvskzfygyf1zpqdldrr4s684pqpq-kind-0.31.0",
              "default": true
            }
          ],
          "store_path": "/nix/store/jhrinvskzfygyf1zpqdldrr4s684pqpq-kind-0.31.0"
        },
        "aarch64-linux": {
          "outputs": [
            {
              "name": "out",
              "path": "/nix/store/z4c4swmiyk3nrcp7glz773mlkhzay46s-kind-0.31.0",
              "default": true
            }
          ],
          "store_path": "/nix/store/z4c4swmiyk3nrcp7glz773mlkhzay46s-kind-0.31.0"
        },
        "x86_64-darwin": {
          "outputs": [
            {
              "name": "out",
              "path": "/nix/store/837blpxb5qvcslbm5s770cx8wzhm4wgv-kind-0.31.0",
              "default": true
            }
          ],
          "store_path": "/nix/store/837blpxb5qvcslbm5s770cx8wzhm4wgv-kind-0.31.0"
        },
        "x86_64-linux": {
          "outputs": [
            {
              "name": "out",
              "path": "/nix/store/y8w7xm64r76pvdycqjmi7389cv6ilh3g-kind-0.31.0",
              "default": true
            }
          ],
          "store_path": "/nix/store/y8w7xm64r76pvdycqjmi7389cv6ilh3g-kind-0.31.0"
        }
      }
    },
    "kubectl@latest": {
      "last_modified": "2026-01-23T17:20:52Z",
      "resolved": "github:NixOS/nixpkgs/a1bab9e494f5f4939442a57a58d0449a109593fe#kubectl",
      "source": "devbox-search",
      "version": "1.35.0",
      "systems": {
        "aarch64-darwin": {
          "outputs": [
            {
              "name": "out",
              "path": "/nix/store/zh9jp24f14avckd99vs54g82ws1i2qpk-kubectl-1.35.0",
              "default": true
            },
            {
              "name": "man",
              "path": "/nix/store/lzn4s3mnjmyhbfckaizm6vg5rnpshyl2-kubectl-1.35.0-man",
              "default": true
            },
            {
              "name": "convert",
              "path": "/nix/store/rb8ivxqdljfpqfrf7br9pwvgk3m7aj4k-kubectl-1.35.0-convert"
            }
          ],
          "store_path": "/nix/store/zh9jp24f14avckd99vs54g82ws1i2qpk-kubectl-1.35.0"
        },
        "aarch64-linux": {
          "outputs": [
            {
              "name": "out",
              "path": "/nix/store/h2wbgv9grql0bhrpqdab77mw1pd1zr7x-kubectl-1.35.0",
              "default": true
            },
            {
              "name": "man",
              "path": "/nix/store/b9av4ayjma48ch5wy7k85grkiigls84a-kubectl-1.35.0-man",
              "default": true
            },
            {
              "name": "convert",
              "path": "/nix/store/lbrbsz8zmyzkabn3rr5nxwn4ji0q5wl9-kubectl-1.35.0-convert"
            }
          ],
          "store_path": "/nix/store/h2wbgv9grql0bhrpqdab77mw1pd1zr7x-kubectl-1.35.0"
        },
        "x86_64-darwin": {
          "outputs": [
            {
              "name": "out",
              "path": "/nix/store/ifqhf8f32873w5ad22z5cy56y9nlfhg6-kubectl-1.35.0",
              "default": true
            },
            {
              "name": "man",
              "path": "/nix/store/q3lyh5bdcsvh827fjnnwsnjd16nf52yv-kubectl-1.35.0-man",
              "default": true
            },
            {
              "name": "convert",
              "path": "/nix/store/ycw7xcc21v9ivxqbzhgwhiyn6p0nh6am-kubectl-1.35.0-convert"
            }
          ],
          "store_path": "/nix/store/ifqhf8f32873w5ad22z5cy56y9nlfhg6-kubectl-1.35.0"
        },
        "x86_64-linux": {
          "outputs": [
            {
              "name": "out",
              "path": "/nix/store/h9v5iqki1r1h3ngfzn2y2w935rrps3vg-kubectl-1.35.0",
              "default": true
            },
            {
              "name": "man",
              "path": "/nix/store/9dna59210pqjpb2sphv2ibasn8g9k65q-kubectl-1.35.0-man",
              "default": true
            },
            {
              "name": "convert",
              "path": "/nix/store/v3szgaqs6wb69b1vnjx8q7zf03zy0hph-kubectl-1.35.0-convert"
            }
          ],
          "store_path": "/nix/store/h9v5iqki1r1h3ngfzn2y2w935rrps3vg-kubectl-1.35.0"
        }
      }
    },
    "kubernetes-helm@latest": {
      "last_modified": "2026-01-23T17:20:52Z",
      "resolved": "github:NixOS/nixpkgs/a1bab9e494f5f4939442a57a58d0449a109593fe#kubernetes-helm",
      "source": "devbox-search",
      "version": "3.19.1",
      "systems": {
        "aarch64-darwin": {
          "outputs": [
            {
              "name": "out",
              "path": "/nix/store/gw5jvq4r17iqh751g7v71svxb3ncq7si-kubernetes-helm-3.19.1",
              "default": true
            }
          ],
          "store_path": "/nix/store/gw5jvq4r17iqh751g7v71svxb3ncq7si-kubernetes-helm-3.19.1"
        },
        "aarch64-linux": {
          "outputs": [
            {
              "name": "out",
              "path": "/nix/store/j1fh4wfj0b1dk87q0irz73k8gcqhr2ak-kubernetes-helm-3.19.1",
              "default": true
            }
          ],
          "store_path": "/nix/store/j1fh4wfj0b1dk87q0irz73k8gcqhr2ak-kubernetes-helm-3.19.1"
        },
        "x86_64-darwin": {
          "outputs": [
            {
              "name": "out",
              "path": "/nix/store/9g0nwl9nrf2rjs4kgz6yclr335jdq1r5-kubernetes-helm-3.19.1",
              "default": true
            }
          ],
          "store_path": "/nix/store/9g0nwl9nrf2rjs4kgz6yclr335jdq1r5-kubernetes-helm-3.19.1"
        },
        "x86_64-linux": {
          "outputs": [
            {
              "name": "out",
              "path": "/nix/store/n4np4p37d3k0nw0h4v9vvyrk8hj0qly0-kubernetes-helm-3.19.1",
              "default": true
            }
          ],
          "store_path": "/nix/store/n4np4p37d3k0nw0h4v9vvyrk8hj0qly0-kubernetes-helm-3.19.1"
        }
      }
    },
    "lazygit@latest": {
      "last_modified": "2026-01-13T11:13:53Z",
      "resolved": "github:NixOS/nixpkgs/61db79b0c6b838d9894923920b612048e1201926#lazygit",
      "source": "devbox-search",
      "version": "0.58.1",
      "systems": {
        "aarch64-darwin": {
          "outputs": [
            {
              "name": "out",
              "path": "/nix/store/x63sz0pba0gm8asqcy19ygncagj7kqyw-lazygit-0.58.1",
              "default": true
            }
          ],
          "store_path": "/nix/store/x63sz0pba0gm8asqcy19ygncagj7kqyw-lazygit-0.58.1"
        },
        "aarch64-linux": {
          "outputs": [
            {
              "name": "out",
              "path": "/nix/store/345709g0m9chpf06wglp0d3b6dhddc94-lazygit-0.58.1",
              "default": true
            }
          ],
          "store_path": "/nix/store/345709g0m9chpf06wglp0d3b6dhddc94-lazygit-0.58.1"
        },
        "x86_64-darwin": {
          "outputs": [
            {
              "name": "out",
              "path": "/nix/store/wqh8g1j0332sn9da55z3l7353c3l1w4v-lazygit-0.58.1",
              "default": true
            }
          ],
          "store_path": "/nix/store/wqh8g1j0332sn9da55z3l7353c3l1w4v-lazygit-0.58.1"
        },
        "x86_64-linux": {
          "outputs": [
            {
              "name": "out",
              "path": "/nix/store/lbcvi1g1qccd97sf2rz5b1zybhr222ml-lazygit-0.58.1",
              "default": true
            }
          ],
          "store_path": "/nix/store/lbcvi1g1qccd97sf2rz5b1zybhr222ml-lazygit-0.58.1"
        }
      }
    },
    "neovim@latest": {
      "last_modified": "2025-12-31T03:27:36Z",
      "resolved": "github:NixOS/nixpkgs/f665af0cdb70ed27e1bd8f9fdfecaf451260fc55#neovim",
      "source": "devbox-search",
      "version": "0.11.5",
      "systems": {
        "aarch64-darwin": {
          "outputs": [
            {
              "name": "out",
              "path": "/nix/store/wsr62a5zc7a8wchq1zs1y1y4irs5cd36-neovim-0.11.5",
              "default": true
            }
          ],
          "store_path": "/nix/store/wsr62a5zc7a8wchq1zs1y1y4irs5cd36-neovim-0.11.5"
        },
        "aarch64-linux": {
          "outputs": [
            {
              "name": "out",
              "path": "/nix/store/cx0pndc8af0rr66bl5k921zk7291ngmn-neovim-0.11.5",
              "default": true
            }
          ],
          "store_path": "/nix/store/cx0pndc8af0rr66bl5k921zk7291ngmn-neovim-0.11.5"
        },
        "x86_64-darwin": {
          "outputs": [
            {
              "name": "out",
              "path": "/nix/store/b1j5zvji8x8vygl7hc9lxdb01fv0cw46-neovim-0.11.5",
              "default": true
            }
          ],
          "store_path": "/nix/store/b1j5zvji8x8vygl7hc9lxdb01fv0cw46-neovim-0.11.5"
        },
        "x86_64-linux": {
          "outputs": [
            {
              "name": "out",
              "path": "/nix/store/qbyjl2a5m76h0vjkv47ckdz84ck7cjc0-neovim-0.11.5",
              "default": true
            }
          ],
          "store_path": "/nix/store/qbyjl2a5m76h0vjkv47ckdz84ck7cjc0-neovim-0.11.5"
        }
      }
    },
    "oh-my-posh@latest": {
      "last_modified": "2026-01-19T00:39:23Z",
      "resolved": "github:NixOS/nixpkgs/bde09022887110deb780067364a0818e89258968#oh-my-posh",
      "source": "devbox-search",
      "version": "29.0.2",
      "systems": {
        "aarch64-darwin": {
          "outputs": [
            {
              "name": "out",
              "path": "/nix/store/89cjdnff573ai4pqw5ijpgg9c1cbaf8s-oh-my-posh-29.0.2",
              "default": true
            }
          ],
          "store_path": "/nix/store/89cjdnff573ai4pqw5ijpgg9c1cbaf8s-oh-my-posh-29.0.2"
        },
        "aarch64-linux": {
          "outputs": [
            {
              "name": "out",
              "path": "/nix/store/hhpxrjj51v02slrmr74gxivb97ishp44-oh-my-posh-29.0.2",
              "default": true
            }
          ],
          "store_path": "/nix/store/hhpxrjj51v02slrmr74gxivb97ishp44-oh-my-posh-29.0.2"
        },
        "x86_64-darwin": {
          "outputs": [
            {
              "name": "out",
              "path": "/nix/store/7v8ziwps2bqk0qmmjzk79y7x53y72x06-oh-my-posh-29.0.2",
              "default": true
            }
          ],
          "store_path": "/nix/store/7v8ziwps2bqk0qmmjzk79y7x53y72x06-oh-my-posh-29.0.2"
        },
        "x86_64-linux": {
          "outputs": [
            {
              "name": "out",
              "path": "/nix/store/vqvpj0aqz1y2wzdmmzclxwwz5vz0xr5v-oh-my-posh-29.0.2",
              "default": true
            }
          ],
          "store_path": "/nix/store/vqvpj0aqz1y2wzdmmzclxwwz5vz0xr5v-oh-my-posh-29.0.2"
        }
      }
    }
  }
}
